
Microsoft Visual Studio Solution File, Format Version 12.00
# Visual Studio Version 16
VisualStudioVersion = 16.0.30225.117
MinimumVisualStudioVersion = 10.0.40219.1
Project("{FAE04EC0-301F-11D3-BF4B-00C04F79EFBC}") = "DBConnectionExercise", "DBConnectionExercise.csproj", "{7477A64F-B0F7-48CA-89F1-602136932257}"
EndProject
Global
	GlobalSection(SolutionConfigurationPlatforms) = preSolution
		Debug|Any CPU = Debug|Any CPU
		Release|Any CPU = Release|Any CPU
	EndGlobalSection
	GlobalSection(ProjectConfigurationPlatforms) = postSolution
		{7477A64F-B0F7-48CA-89F1-602136932257}.Debug|Any CPU.ActiveCfg = Debug|Any CPU
		{7477A64F-B0F7-48CA-89F1-602136932257}.Debug|Any CPU.Build.0 = Debug|Any CPU
		{7477A64F-B0F7-48CA-89F1-602136932257}.Release|Any CPU.ActiveCfg = Release|Any CPU
		{7477A64F-B0F7-48CA-89F1-602136932257}.Release|Any CPU.Build.0 = Release|Any CPU
	EndGlobalSection
	GlobalSection(SolutionProperties) = preSolution
		HideSolutionNode = FALSE
	EndGlobalSection
	GlobalSection(ExtensibilityGlobals) = postSolution
		SolutionGuid = {AD5884B0-C093-495B-A1B2-A14ADB0F69A3}
	EndGlobalSection
EndGlobal
